# Image references used by the target local and HA infrastructure.
# Update a tag and its multi-platform digest together, then rerun the Compose contract checks.
golang:1.25.12-alpine3.23@sha256:cc985ef6f9c3bf9ece7488129c9abe0a150388ccdfa428d886fc709dca0b230a
alpine:3.20.10@sha256:d9e853e87e55526f6b2917df91a2115c36dd7c696a35be12163d44e6e2a4b6bc
apache/kafka:4.2.0@sha256:9516fb7634bad307d17c33b589fde9023003b0cb761374f500002b980a3149b9
mysql:8.4.9@sha256:c36050afdca850f23cef85703f84c7531a5ae155a11b5ee1c60acb09937c4084
redis:7.2.4-alpine@sha256:c8bb255c3559b3e458766db810aa7b3c7af1235b204cfdb304e79ff388fe1a5a
nats:2.12.7-alpine@sha256:e602ceca19bddc3dd7197b4b1afde53a16cd9d31a5500a8ae5620f36cb01963c
docker.elastic.co/elasticsearch/elasticsearch:8.19.17@sha256:aa6ee0ea2d708cea22a24ed44a420c5bbde9853d58a872e1e870f2086d04f652
pgvector/pgvector:0.8.1-pg16@sha256:33198da2828a14c30348d2ccb4750833d5ed9a44c88d840a0e523d7417120337
prom/prometheus:v2.53.1@sha256:f20d3127bf2876f4a1df76246fca576b41ddf1125ed1c546fbd8b16ea55117e6
grafana/grafana:11.1.4@sha256:886b56d5534e54f69a8cfcb4b8928da8fc753178a7a3d20c3f9b04b660169805
danielqsj/kafka-exporter:v1.9.0@sha256:4150e46b2e9697ac30e4be8de03ec1704b4bdc7037577b83b8d35a32be298c16
oliver006/redis_exporter:v1.84.0@sha256:7ef8e9c26638158fa4e7ad60df8c7e53d1919986753d6c1d2d1876b6ec38d87b
natsio/prometheus-nats-exporter:0.18.0@sha256:02469dc907bcc4a941acca7ddc087745d4a28f7b280733be31775eaf3b0589b9
prometheuscommunity/elasticsearch-exporter:v1.10.0@sha256:a6a4d4403f670faf6a94b8c7f9adbca3ead91f26dd64e5ccf95fa69025dc6e58
prometheuscommunity/postgres-exporter:v0.19.1@sha256:e96064f876226d94bb6ce48a4c4b3dd76edba91168ec1ab024e5c4b959310b0f
quay.io/prometheus/mysqld-exporter:v0.19.0@sha256:eacb4b18e2ec1e0abdf2d64851b68526c964f6d9cb3e9458fb5d5f5062ea94c1
quay.io/prometheus/node-exporter:v1.11.1@sha256:0f422f62c15f154af8d8572b23d623aebfb10cec73a5c654d18f911f3f9df241
